{
  "name": "pebble-ifc-complication",
  "version": "0.1.2",
  "lockfileVersion": 3,
  "requires": true,
  "packages": {
    "": {
      "name": "pebble-ifc-complication",
      "version": "0.1.2",
      "license": "MIT",
      "dependencies": {
        "@gooddadmike/ifc-js": "^1.0.1"
      }
    },
    "node_modules/@gooddadmike/ifc-js": {
      "version": "1.0.1",
      "resolved": "https://registry.npmjs.org/@gooddadmike/ifc-js/-/ifc-js-1.0.1.tgz",
      "integrity": "sha512-LCvzi1eahFRrHNMGxfsrjEzlCd0WhD+CMgFjWSftEco2sRAhuKPzebAuMpjEQyT0O1alWggVvN+dq7p3Pd1mPA==",
      "license": "MIT",
      "bin": {
        "ifc": "bin/ifc.js"
      }
    }
  }
}
